
Microsoft Visual Studio Solution File, Format Version 12.00
# Visual Studio Version 16
VisualStudioVersion = 16.0.30907.101
MinimumVisualStudioVersion = 10.0.40219.1
Project("{FAE04EC0-301F-11D3-BF4B-00C04F79EFBC}") = "ListTask", "ListTask\ListTask.csproj", "{8F32D9B3-3A0D-4CE6-8130-747E0D99E7BB}"
EndProject
Global
	GlobalSection(SolutionConfigurationPlatforms) = preSolution
		Debug|Any CPU = Debug|Any CPU
		Release|Any CPU = Release|Any CPU
	EndGlobalSection
	GlobalSection(ProjectConfigurationPlatforms) = postSolution
		{8F32D9B3-3A0D-4CE6-8130-747E0D99E7BB}.Debug|Any CPU.ActiveCfg = Debug|Any CPU
		{8F32D9B3-3A0D-4CE6-8130-747E0D99E7BB}.Debug|Any CPU.Build.0 = Debug|Any CPU
		{8F32D9B3-3A0D-4CE6-8130-747E0D99E7BB}.Release|Any CPU.ActiveCfg = Release|Any CPU
		{8F32D9B3-3A0D-4CE6-8130-747E0D99E7BB}.Release|Any CPU.Build.0 = Release|Any CPU
	EndGlobalSection
	GlobalSection(SolutionProperties) = preSolution
		HideSolutionNode = FALSE
	EndGlobalSection
	GlobalSection(ExtensibilityGlobals) = postSolution
		SolutionGuid = {008F584D-547E-4728-B6E9-8F9578E60514}
	EndGlobalSection
EndGlobal
