
Microsoft Visual Studio Solution File, Format Version 12.00
# Visual Studio Version 16
VisualStudioVersion = 16.0.30907.101
MinimumVisualStudioVersion = 10.0.40219.1
Project("{FAE04EC0-301F-11D3-BF4B-00C04F79EFBC}") = "Task9", "Task9\Task9.csproj", "{D3F2C94D-5004-42A7-BE04-9CA3EFAAB266}"
EndProject
Global
	GlobalSection(SolutionConfigurationPlatforms) = preSolution
		Debug|Any CPU = Debug|Any CPU
		Release|Any CPU = Release|Any CPU
	EndGlobalSection
	GlobalSection(ProjectConfigurationPlatforms) = postSolution
		{D3F2C94D-5004-42A7-BE04-9CA3EFAAB266}.Debug|Any CPU.ActiveCfg = Debug|Any CPU
		{D3F2C94D-5004-42A7-BE04-9CA3EFAAB266}.Debug|Any CPU.Build.0 = Debug|Any CPU
		{D3F2C94D-5004-42A7-BE04-9CA3EFAAB266}.Release|Any CPU.ActiveCfg = Release|Any CPU
		{D3F2C94D-5004-42A7-BE04-9CA3EFAAB266}.Release|Any CPU.Build.0 = Release|Any CPU
	EndGlobalSection
	GlobalSection(SolutionProperties) = preSolution
		HideSolutionNode = FALSE
	EndGlobalSection
	GlobalSection(ExtensibilityGlobals) = postSolution
		SolutionGuid = {318F0E1D-EDF4-4FA0-BB47-D174AD270A89}
	EndGlobalSection
EndGlobal
