
Microsoft Visual Studio Solution File, Format Version 12.00
# Visual Studio Version 16
VisualStudioVersion = 16.0.30907.101
MinimumVisualStudioVersion = 10.0.40219.1
Project("{FAE04EC0-301F-11D3-BF4B-00C04F79EFBC}") = "Task5", "Task5\Task5.csproj", "{FDB4F505-AB39-4DF5-B625-4F2B297ABCA7}"
EndProject
Global
	GlobalSection(SolutionConfigurationPlatforms) = preSolution
		Debug|Any CPU = Debug|Any CPU
		Release|Any CPU = Release|Any CPU
	EndGlobalSection
	GlobalSection(ProjectConfigurationPlatforms) = postSolution
		{FDB4F505-AB39-4DF5-B625-4F2B297ABCA7}.Debug|Any CPU.ActiveCfg = Debug|Any CPU
		{FDB4F505-AB39-4DF5-B625-4F2B297ABCA7}.Debug|Any CPU.Build.0 = Debug|Any CPU
		{FDB4F505-AB39-4DF5-B625-4F2B297ABCA7}.Release|Any CPU.ActiveCfg = Release|Any CPU
		{FDB4F505-AB39-4DF5-B625-4F2B297ABCA7}.Release|Any CPU.Build.0 = Release|Any CPU
	EndGlobalSection
	GlobalSection(SolutionProperties) = preSolution
		HideSolutionNode = FALSE
	EndGlobalSection
	GlobalSection(ExtensibilityGlobals) = postSolution
		SolutionGuid = {E84F3BC4-11E0-4197-9579-395D8EA1C68F}
	EndGlobalSection
EndGlobal
