
Microsoft Visual Studio Solution File, Format Version 12.00
# Visual Studio Version 16
VisualStudioVersion = 16.0.30907.101
MinimumVisualStudioVersion = 10.0.40219.1
Project("{FAE04EC0-301F-11D3-BF4B-00C04F79EFBC}") = "Task2", "Task2\Task2.csproj", "{ED509C92-5A11-412B-B824-ED71E04724B3}"
EndProject
Global
	GlobalSection(SolutionConfigurationPlatforms) = preSolution
		Debug|Any CPU = Debug|Any CPU
		Release|Any CPU = Release|Any CPU
	EndGlobalSection
	GlobalSection(ProjectConfigurationPlatforms) = postSolution
		{ED509C92-5A11-412B-B824-ED71E04724B3}.Debug|Any CPU.ActiveCfg = Debug|Any CPU
		{ED509C92-5A11-412B-B824-ED71E04724B3}.Debug|Any CPU.Build.0 = Debug|Any CPU
		{ED509C92-5A11-412B-B824-ED71E04724B3}.Release|Any CPU.ActiveCfg = Release|Any CPU
		{ED509C92-5A11-412B-B824-ED71E04724B3}.Release|Any CPU.Build.0 = Release|Any CPU
	EndGlobalSection
	GlobalSection(SolutionProperties) = preSolution
		HideSolutionNode = FALSE
	EndGlobalSection
	GlobalSection(ExtensibilityGlobals) = postSolution
		SolutionGuid = {0858A68B-6FEB-45E8-BB18-521E4BFE6B0E}
	EndGlobalSection
EndGlobal
