
Microsoft Visual Studio Solution File, Format Version 12.00
# Visual Studio Version 16
VisualStudioVersion = 16.0.30907.101
MinimumVisualStudioVersion = 10.0.40219.1
Project("{FAE04EC0-301F-11D3-BF4B-00C04F79EFBC}") = "Task4", "Task4\Task4.csproj", "{68155890-C614-4337-951E-98987BA63897}"
EndProject
Global
	GlobalSection(SolutionConfigurationPlatforms) = preSolution
		Debug|Any CPU = Debug|Any CPU
		Release|Any CPU = Release|Any CPU
	EndGlobalSection
	GlobalSection(ProjectConfigurationPlatforms) = postSolution
		{68155890-C614-4337-951E-98987BA63897}.Debug|Any CPU.ActiveCfg = Debug|Any CPU
		{68155890-C614-4337-951E-98987BA63897}.Debug|Any CPU.Build.0 = Debug|Any CPU
		{68155890-C614-4337-951E-98987BA63897}.Release|Any CPU.ActiveCfg = Release|Any CPU
		{68155890-C614-4337-951E-98987BA63897}.Release|Any CPU.Build.0 = Release|Any CPU
	EndGlobalSection
	GlobalSection(SolutionProperties) = preSolution
		HideSolutionNode = FALSE
	EndGlobalSection
	GlobalSection(ExtensibilityGlobals) = postSolution
		SolutionGuid = {18CEED44-93B0-4063-AB53-3916928F0865}
	EndGlobalSection
EndGlobal
