
Microsoft Visual Studio Solution File, Format Version 12.00
# Visual Studio Version 16
VisualStudioVersion = 16.0.30804.86
MinimumVisualStudioVersion = 10.0.40219.1
Project("{FAE04EC0-301F-11D3-BF4B-00C04F79EFBC}") = "Task1", "Task1\Task1.csproj", "{94C0E194-329C-422A-AAE8-FE12481BBF28}"
EndProject
Global
	GlobalSection(SolutionConfigurationPlatforms) = preSolution
		Debug|Any CPU = Debug|Any CPU
		Release|Any CPU = Release|Any CPU
	EndGlobalSection
	GlobalSection(ProjectConfigurationPlatforms) = postSolution
		{94C0E194-329C-422A-AAE8-FE12481BBF28}.Debug|Any CPU.ActiveCfg = Debug|Any CPU
		{94C0E194-329C-422A-AAE8-FE12481BBF28}.Debug|Any CPU.Build.0 = Debug|Any CPU
		{94C0E194-329C-422A-AAE8-FE12481BBF28}.Release|Any CPU.ActiveCfg = Release|Any CPU
		{94C0E194-329C-422A-AAE8-FE12481BBF28}.Release|Any CPU.Build.0 = Release|Any CPU
	EndGlobalSection
	GlobalSection(SolutionProperties) = preSolution
		HideSolutionNode = FALSE
	EndGlobalSection
	GlobalSection(ExtensibilityGlobals) = postSolution
		SolutionGuid = {6A3431BD-3683-48CA-9D44-BCA6B05F38F4}
	EndGlobalSection
EndGlobal
