
Microsoft Visual Studio Solution File, Format Version 12.00
# Visual Studio Version 16
VisualStudioVersion = 16.0.30804.86
MinimumVisualStudioVersion = 10.0.40219.1
Project("{FAE04EC0-301F-11D3-BF4B-00C04F79EFBC}") = "Task2", "Task2\Task2.csproj", "{30F2B1B2-BB9F-44D0-B5D6-4571D1E4F2FD}"
EndProject
Global
	GlobalSection(SolutionConfigurationPlatforms) = preSolution
		Debug|Any CPU = Debug|Any CPU
		Release|Any CPU = Release|Any CPU
	EndGlobalSection
	GlobalSection(ProjectConfigurationPlatforms) = postSolution
		{30F2B1B2-BB9F-44D0-B5D6-4571D1E4F2FD}.Debug|Any CPU.ActiveCfg = Debug|Any CPU
		{30F2B1B2-BB9F-44D0-B5D6-4571D1E4F2FD}.Debug|Any CPU.Build.0 = Debug|Any CPU
		{30F2B1B2-BB9F-44D0-B5D6-4571D1E4F2FD}.Release|Any CPU.ActiveCfg = Release|Any CPU
		{30F2B1B2-BB9F-44D0-B5D6-4571D1E4F2FD}.Release|Any CPU.Build.0 = Release|Any CPU
	EndGlobalSection
	GlobalSection(SolutionProperties) = preSolution
		HideSolutionNode = FALSE
	EndGlobalSection
	GlobalSection(ExtensibilityGlobals) = postSolution
		SolutionGuid = {2461983B-7FD0-4C55-9A74-9F40F0A19182}
	EndGlobalSection
EndGlobal
