
Microsoft Visual Studio Solution File, Format Version 12.00
# Visual Studio Version 16
VisualStudioVersion = 16.0.30907.101
MinimumVisualStudioVersion = 10.0.40219.1
Project("{FAE04EC0-301F-11D3-BF4B-00C04F79EFBC}") = "Task7", "Task7\Task7.csproj", "{24331300-8562-46B5-968F-26228B29BA0F}"
EndProject
Global
	GlobalSection(SolutionConfigurationPlatforms) = preSolution
		Debug|Any CPU = Debug|Any CPU
		Release|Any CPU = Release|Any CPU
	EndGlobalSection
	GlobalSection(ProjectConfigurationPlatforms) = postSolution
		{24331300-8562-46B5-968F-26228B29BA0F}.Debug|Any CPU.ActiveCfg = Debug|Any CPU
		{24331300-8562-46B5-968F-26228B29BA0F}.Debug|Any CPU.Build.0 = Debug|Any CPU
		{24331300-8562-46B5-968F-26228B29BA0F}.Release|Any CPU.ActiveCfg = Release|Any CPU
		{24331300-8562-46B5-968F-26228B29BA0F}.Release|Any CPU.Build.0 = Release|Any CPU
	EndGlobalSection
	GlobalSection(SolutionProperties) = preSolution
		HideSolutionNode = FALSE
	EndGlobalSection
	GlobalSection(ExtensibilityGlobals) = postSolution
		SolutionGuid = {B495427B-359A-4E47-9878-C3A22A78BF8D}
	EndGlobalSection
EndGlobal
